
Microsoft Visual Studio Solution File, Format Version 12.00
# Visual Studio 15
VisualStudioVersion = 15.0.26430.6
MinimumVisualStudioVersion = 10.0.40219.1
Project("{FAE04EC0-301F-11D3-BF4B-00C04F79EFBC}") = "png2gif", "png2gif\png2gif.csproj", "{31DB65AF-81C1-45F7-9586-8C5EF8988D18}"
EndProject
Project("{54435603-DBB4-11D2-8724-00A0C9A8B90C}") = "png2gif_setup", "png2gif_setup\png2gif_setup.vdproj", "{AC8A1FC5-B472-4AF1-9850-283FE4B465D3}"
EndProject
Global
	GlobalSection(SolutionConfigurationPlatforms) = preSolution
		Debug|Any CPU = Debug|Any CPU
		Release|Any CPU = Release|Any CPU
	EndGlobalSection
	GlobalSection(ProjectConfigurationPlatforms) = postSolution
		{31DB65AF-81C1-45F7-9586-8C5EF8988D18}.Debug|Any CPU.ActiveCfg = Debug|Any CPU
		{31DB65AF-81C1-45F7-9586-8C5EF8988D18}.Debug|Any CPU.Build.0 = Debug|Any CPU
		{31DB65AF-81C1-45F7-9586-8C5EF8988D18}.Release|Any CPU.ActiveCfg = Release|Any CPU
		{31DB65AF-81C1-45F7-9586-8C5EF8988D18}.Release|Any CPU.Build.0 = Release|Any CPU
		{AC8A1FC5-B472-4AF1-9850-283FE4B465D3}.Debug|Any CPU.ActiveCfg = Debug
		{AC8A1FC5-B472-4AF1-9850-283FE4B465D3}.Release|Any CPU.ActiveCfg = Release
	EndGlobalSection
	GlobalSection(SolutionProperties) = preSolution
		HideSolutionNode = FALSE
	EndGlobalSection
	GlobalSection(SolutionConfigurationPlatforms) = preSolution
		Debug|Any CPU = Debug|Any CPU
		Release|Any CPU = Release|Any CPU
	EndGlobalSection
EndGlobal
